
Microsoft Visual Studio Solution File, Format Version 12.00
# Visual Studio 14
VisualStudioVersion = 14.0.25420.1
MinimumVisualStudioVersion = 10.0.40219.1
Project("{FAE04EC0-301F-11D3-BF4B-00C04F79EFBC}") = "BasketBallMVC", "BasketBallMVC\BasketBallMVC.csproj", "{38D2DE02-9597-46B6-AF85-62C30DC3379C}"
EndProject
Project("{2150E333-8FDC-42A3-9474-1A3956D46DE8}") = "Solution Items", "Solution Items", "{D2DC9578-D385-495B-B5D9-D2FC0F88494D}"
	ProjectSection(SolutionItems) = preProject
		WebEssentials2015-Settings.json = WebEssentials2015-Settings.json
	EndProjectSection
EndProject
Global
	GlobalSection(SolutionConfigurationPlatforms) = preSolution
		Debug|Any CPU = Debug|Any CPU
		Release|Any CPU = Release|Any CPU
	EndGlobalSection
	GlobalSection(ProjectConfigurationPlatforms) = postSolution
		{38D2DE02-9597-46B6-AF85-62C30DC3379C}.Debug|Any CPU.ActiveCfg = Debug|Any CPU
		{38D2DE02-9597-46B6-AF85-62C30DC3379C}.Debug|Any CPU.Build.0 = Debug|Any CPU
		{38D2DE02-9597-46B6-AF85-62C30DC3379C}.Release|Any CPU.ActiveCfg = Release|Any CPU
		{38D2DE02-9597-46B6-AF85-62C30DC3379C}.Release|Any CPU.Build.0 = Release|Any CPU
	EndGlobalSection
	GlobalSection(SolutionProperties) = preSolution
		HideSolutionNode = FALSE
	EndGlobalSection
EndGlobal
